
Microsoft Visual Studio Solution File, Format Version 12.00
# Visual Studio Version 17
VisualStudioVersion = 17.4.33213.308
MinimumVisualStudioVersion = 10.0.40219.1
Project("{FAE04EC0-301F-11D3-BF4B-00C04F79EFBC}") = "COMP003A.Assignment1", "COMP003A.Assignment1\COMP003A.Assignment1.csproj", "{97C353BA-B933-427A-B5D8-439D060E8B93}"
EndProject
Global
	GlobalSection(SolutionConfigurationPlatforms) = preSolution
		Debug|Any CPU = Debug|Any CPU
		Release|Any CPU = Release|Any CPU
	EndGlobalSection
	GlobalSection(ProjectConfigurationPlatforms) = postSolution
		{97C353BA-B933-427A-B5D8-439D060E8B93}.Debug|Any CPU.ActiveCfg = Debug|Any CPU
		{97C353BA-B933-427A-B5D8-439D060E8B93}.Debug|Any CPU.Build.0 = Debug|Any CPU
		{97C353BA-B933-427A-B5D8-439D060E8B93}.Release|Any CPU.ActiveCfg = Release|Any CPU
		{97C353BA-B933-427A-B5D8-439D060E8B93}.Release|Any CPU.Build.0 = Release|Any CPU
	EndGlobalSection
	GlobalSection(SolutionProperties) = preSolution
		HideSolutionNode = FALSE
	EndGlobalSection
	GlobalSection(ExtensibilityGlobals) = postSolution
		SolutionGuid = {D5D62977-B388-4250-9F7D-F3B59296052F}
	EndGlobalSection
EndGlobal
